
Microsoft Visual Studio Solution File, Format Version 12.00
# Visual Studio Version 17
VisualStudioVersion = 17.6.33815.320
MinimumVisualStudioVersion = 10.0.40219.1
Project("{FAE04EC0-301F-11D3-BF4B-00C04F79EFBC}") = "API", "API.csproj", "{AD962B39-4D30-4819-B7CE-F4D99BB36515}"
EndProject
Global
	GlobalSection(SolutionConfigurationPlatforms) = preSolution
		Debug|Any CPU = Debug|Any CPU
		Release|Any CPU = Release|Any CPU
	EndGlobalSection
	GlobalSection(ProjectConfigurationPlatforms) = postSolution
		{AD962B39-4D30-4819-B7CE-F4D99BB36515}.Debug|Any CPU.ActiveCfg = Debug|Any CPU
		{AD962B39-4D30-4819-B7CE-F4D99BB36515}.Debug|Any CPU.Build.0 = Debug|Any CPU
		{AD962B39-4D30-4819-B7CE-F4D99BB36515}.Release|Any CPU.ActiveCfg = Release|Any CPU
		{AD962B39-4D30-4819-B7CE-F4D99BB36515}.Release|Any CPU.Build.0 = Release|Any CPU
	EndGlobalSection
	GlobalSection(SolutionProperties) = preSolution
		HideSolutionNode = FALSE
	EndGlobalSection
	GlobalSection(ExtensibilityGlobals) = postSolution
		SolutionGuid = {0FD40B73-EA5D-46BD-95AB-722E9FD4C505}
	EndGlobalSection
EndGlobal
